
Microsoft Visual Studio Solution File, Format Version 12.00
# Visual Studio Version 17
VisualStudioVersion = 17.0.32112.339
MinimumVisualStudioVersion = 10.0.40219.1
Project("{FAE04EC0-301F-11D3-BF4B-00C04F79EFBC}") = "CS_Threads", "CS_Threads\CS_Threads.csproj", "{20C90293-5877-45BC-8296-AB1A76926C30}"
EndProject
Global
	GlobalSection(SolutionConfigurationPlatforms) = preSolution
		Debug|Any CPU = Debug|Any CPU
		Release|Any CPU = Release|Any CPU
	EndGlobalSection
	GlobalSection(ProjectConfigurationPlatforms) = postSolution
		{20C90293-5877-45BC-8296-AB1A76926C30}.Debug|Any CPU.ActiveCfg = Debug|Any CPU
		{20C90293-5877-45BC-8296-AB1A76926C30}.Debug|Any CPU.Build.0 = Debug|Any CPU
		{20C90293-5877-45BC-8296-AB1A76926C30}.Release|Any CPU.ActiveCfg = Release|Any CPU
		{20C90293-5877-45BC-8296-AB1A76926C30}.Release|Any CPU.Build.0 = Release|Any CPU
	EndGlobalSection
	GlobalSection(SolutionProperties) = preSolution
		HideSolutionNode = FALSE
	EndGlobalSection
	GlobalSection(ExtensibilityGlobals) = postSolution
		SolutionGuid = {D7A3373D-9186-4565-BCAD-2B7854A126FA}
	EndGlobalSection
EndGlobal
